
Microsoft Visual Studio Solution File, Format Version 12.00
# Visual Studio Version 16
VisualStudioVersion = 16.0.30907.101
MinimumVisualStudioVersion = 10.0.40219.1
Project("{FAE04EC0-301F-11D3-BF4B-00C04F79EFBC}") = "VehicleBookingUI", "VehicleBookingUI\VehicleBookingUI.csproj", "{1133A426-A51C-42D0-A42E-2DD01045529D}"
EndProject
Project("{2150E333-8FDC-42A3-9474-1A3956D46DE8}") = "Notes", "Notes", "{95767949-8896-4FB6-AA8E-7D88851D9818}"
	ProjectSection(SolutionItems) = preProject
		LICENSE.txt = LICENSE.txt
		References.txt = References.txt
		Rough Notes.txt = Rough Notes.txt
	EndProjectSection
EndProject
Project("{FAE04EC0-301F-11D3-BF4B-00C04F79EFBC}") = "VehicleBookingLibrary", "VehicleBookingLibrary\VehicleBookingLibrary.csproj", "{1F983DBF-151F-4E29-9C80-DD3968E04320}"
EndProject
Global
	GlobalSection(SolutionConfigurationPlatforms) = preSolution
		Debug|Any CPU = Debug|Any CPU
		Release|Any CPU = Release|Any CPU
	EndGlobalSection
	GlobalSection(ProjectConfigurationPlatforms) = postSolution
		{1133A426-A51C-42D0-A42E-2DD01045529D}.Debug|Any CPU.ActiveCfg = Debug|Any CPU
		{1133A426-A51C-42D0-A42E-2DD01045529D}.Debug|Any CPU.Build.0 = Debug|Any CPU
		{1133A426-A51C-42D0-A42E-2DD01045529D}.Release|Any CPU.ActiveCfg = Release|Any CPU
		{1133A426-A51C-42D0-A42E-2DD01045529D}.Release|Any CPU.Build.0 = Release|Any CPU
		{1F983DBF-151F-4E29-9C80-DD3968E04320}.Debug|Any CPU.ActiveCfg = Debug|Any CPU
		{1F983DBF-151F-4E29-9C80-DD3968E04320}.Debug|Any CPU.Build.0 = Debug|Any CPU
		{1F983DBF-151F-4E29-9C80-DD3968E04320}.Release|Any CPU.ActiveCfg = Release|Any CPU
		{1F983DBF-151F-4E29-9C80-DD3968E04320}.Release|Any CPU.Build.0 = Release|Any CPU
	EndGlobalSection
	GlobalSection(SolutionProperties) = preSolution
		HideSolutionNode = FALSE
	EndGlobalSection
	GlobalSection(ExtensibilityGlobals) = postSolution
		SolutionGuid = {B8CE3436-85A1-4811-8225-6AEF2D1FE6CA}
	EndGlobalSection
EndGlobal
